
Microsoft Visual Studio Solution File, Format Version 12.00
# Visual Studio Version 16
VisualStudioVersion = 16.0.30011.22
MinimumVisualStudioVersion = 10.0.40219.1
Project("{FAE04EC0-301F-11D3-BF4B-00C04F79EFBC}") = "Lesson1Task7", "Lesson1Task7\Lesson1Task7.csproj", "{D1C44A41-5730-48CA-9302-08127FD7C289}"
EndProject
Global
	GlobalSection(SolutionConfigurationPlatforms) = preSolution
		Debug|Any CPU = Debug|Any CPU
		Release|Any CPU = Release|Any CPU
	EndGlobalSection
	GlobalSection(ProjectConfigurationPlatforms) = postSolution
		{D1C44A41-5730-48CA-9302-08127FD7C289}.Debug|Any CPU.ActiveCfg = Debug|Any CPU
		{D1C44A41-5730-48CA-9302-08127FD7C289}.Debug|Any CPU.Build.0 = Debug|Any CPU
		{D1C44A41-5730-48CA-9302-08127FD7C289}.Release|Any CPU.ActiveCfg = Release|Any CPU
		{D1C44A41-5730-48CA-9302-08127FD7C289}.Release|Any CPU.Build.0 = Release|Any CPU
	EndGlobalSection
	GlobalSection(SolutionProperties) = preSolution
		HideSolutionNode = FALSE
	EndGlobalSection
	GlobalSection(ExtensibilityGlobals) = postSolution
		SolutionGuid = {731E6171-C1D4-41A4-B059-6F10672E8E2E}
	EndGlobalSection
EndGlobal
